
Microsoft Visual Studio Solution File, Format Version 12.00
# Visual Studio 15
VisualStudioVersion = 15.0.27130.2027
MinimumVisualStudioVersion = 10.0.40219.1
Project("{FAE04EC0-301F-11D3-BF4B-00C04F79EFBC}") = "Het_Cameraatje", "Het_Cameraatje\Het_Cameraatje\Het_Cameraatje.csproj", "{C25B04A4-2A77-4DD6-9AD3-B5080C0C8E11}"
EndProject
Project("{FAE04EC0-301F-11D3-BF4B-00C04F79EFBC}") = "Het_Cameraatje.Android", "Het_Cameraatje\Het_Cameraatje.Android\Het_Cameraatje.Android.csproj", "{496F9A6C-62F6-4AAF-B3FD-C9BF23381E63}"
EndProject
Project("{FAE04EC0-301F-11D3-BF4B-00C04F79EFBC}") = "Het_Cameraatje.iOS", "Het_Cameraatje\Het_Cameraatje.iOS\Het_Cameraatje.iOS.csproj", "{0BA0795B-9D99-49D5-A8C3-822457EB541C}"
EndProject
Global
	GlobalSection(SolutionConfigurationPlatforms) = preSolution
		Ad-Hoc|Any CPU = Ad-Hoc|Any CPU
		Ad-Hoc|iPhone = Ad-Hoc|iPhone
		Ad-Hoc|iPhoneSimulator = Ad-Hoc|iPhoneSimulator
		AppStore|Any CPU = AppStore|Any CPU
		AppStore|iPhone = AppStore|iPhone
		AppStore|iPhoneSimulator = AppStore|iPhoneSimulator
		Debug|Any CPU = Debug|Any CPU
		Debug|iPhone = Debug|iPhone
		Debug|iPhoneSimulator = Debug|iPhoneSimulator
		Release|Any CPU = Release|Any CPU
		Release|iPhone = Release|iPhone
		Release|iPhoneSimulator = Release|iPhoneSimulator
	EndGlobalSection
	GlobalSection(ProjectConfigurationPlatforms) = postSolution
		{C25B04A4-2A77-4DD6-9AD3-B5080C0C8E11}.Ad-Hoc|Any CPU.ActiveCfg = Debug|Any CPU
		{C25B04A4-2A77-4DD6-9AD3-B5080C0C8E11}.Ad-Hoc|Any CPU.Build.0 = Debug|Any CPU
		{C25B04A4-2A77-4DD6-9AD3-B5080C0C8E11}.Ad-Hoc|iPhone.ActiveCfg = Debug|Any CPU
		{C25B04A4-2A77-4DD6-9AD3-B5080C0C8E11}.Ad-Hoc|iPhone.Build.0 = Debug|Any CPU
		{C25B04A4-2A77-4DD6-9AD3-B5080C0C8E11}.Ad-Hoc|iPhoneSimulator.ActiveCfg = Debug|Any CPU
		{C25B04A4-2A77-4DD6-9AD3-B5080C0C8E11}.Ad-Hoc|iPhoneSimulator.Build.0 = Debug|Any CPU
		{C25B04A4-2A77-4DD6-9AD3-B5080C0C8E11}.AppStore|Any CPU.ActiveCfg = Debug|Any CPU
		{C25B04A4-2A77-4DD6-9AD3-B5080C0C8E11}.AppStore|Any CPU.Build.0 = Debug|Any CPU
		{C25B04A4-2A77-4DD6-9AD3-B5080C0C8E11}.AppStore|iPhone.ActiveCfg = Debug|Any CPU
		{C25B04A4-2A77-4DD6-9AD3-B5080C0C8E11}.AppStore|iPhone.Build.0 = Debug|Any CPU
		{C25B04A4-2A77-4DD6-9AD3-B5080C0C8E11}.AppStore|iPhoneSimulator.ActiveCfg = Debug|Any CPU
		{C25B04A4-2A77-4DD6-9AD3-B5080C0C8E11}.AppStore|iPhoneSimulator.Build.0 = Debug|Any CPU
		{C25B04A4-2A77-4DD6-9AD3-B5080C0C8E11}.Debug|Any CPU.ActiveCfg = Debug|Any CPU
		{C25B04A4-2A77-4DD6-9AD3-B5080C0C8E11}.Debug|Any CPU.Build.0 = Debug|Any CPU
		{C25B04A4-2A77-4DD6-9AD3-B5080C0C8E11}.Debug|iPhone.ActiveCfg = Debug|Any CPU
		{C25B04A4-2A77-4DD6-9AD3-B5080C0C8E11}.Debug|iPhone.Build.0 = Debug|Any CPU
		{C25B04A4-2A77-4DD6-9AD3-B5080C0C8E11}.Debug|iPhoneSimulator.ActiveCfg = Debug|Any CPU
		{C25B04A4-2A77-4DD6-9AD3-B5080C0C8E11}.Debug|iPhoneSimulator.Build.0 = Debug|Any CPU
		{C25B04A4-2A77-4DD6-9AD3-B5080C0C8E11}.Release|Any CPU.ActiveCfg = Release|Any CPU
		{C25B04A4-2A77-4DD6-9AD3-B5080C0C8E11}.Release|Any CPU.Build.0 = Release|Any CPU
		{C25B04A4-2A77-4DD6-9AD3-B5080C0C8E11}.Release|iPhone.ActiveCfg = Release|Any CPU
		{C25B04A4-2A77-4DD6-9AD3-B5080C0C8E11}.Release|iPhone.Build.0 = Release|Any CPU
		{C25B04A4-2A77-4DD6-9AD3-B5080C0C8E11}.Release|iPhoneSimulator.ActiveCfg = Release|Any CPU
		{C25B04A4-2A77-4DD6-9AD3-B5080C0C8E11}.Release|iPhoneSimulator.Build.0 = Release|Any CPU
		{496F9A6C-62F6-4AAF-B3FD-C9BF23381E63}.Ad-Hoc|Any CPU.ActiveCfg = Release|Any CPU
		{496F9A6C-62F6-4AAF-B3FD-C9BF23381E63}.Ad-Hoc|Any CPU.Build.0 = Release|Any CPU
		{496F9A6C-62F6-4AAF-B3FD-C9BF23381E63}.Ad-Hoc|Any CPU.Deploy.0 = Release|Any CPU
		{496F9A6C-62F6-4AAF-B3FD-C9BF23381E63}.Ad-Hoc|iPhone.ActiveCfg = Release|Any CPU
		{496F9A6C-62F6-4AAF-B3FD-C9BF23381E63}.Ad-Hoc|iPhone.Build.0 = Release|Any CPU
		{496F9A6C-62F6-4AAF-B3FD-C9BF23381E63}.Ad-Hoc|iPhone.Deploy.0 = Release|Any CPU
		{496F9A6C-62F6-4AAF-B3FD-C9BF23381E63}.Ad-Hoc|iPhoneSimulator.ActiveCfg = Release|Any CPU
		{496F9A6C-62F6-4AAF-B3FD-C9BF23381E63}.Ad-Hoc|iPhoneSimulator.Build.0 = Release|Any CPU
		{496F9A6C-62F6-4AAF-B3FD-C9BF23381E63}.Ad-Hoc|iPhoneSimulator.Deploy.0 = Release|Any CPU
		{496F9A6C-62F6-4AAF-B3FD-C9BF23381E63}.AppStore|Any CPU.ActiveCfg = Release|Any CPU
		{496F9A6C-62F6-4AAF-B3FD-C9BF23381E63}.AppStore|Any CPU.Build.0 = Release|Any CPU
		{496F9A6C-62F6-4AAF-B3FD-C9BF23381E63}.AppStore|Any CPU.Deploy.0 = Release|Any CPU
		{496F9A6C-62F6-4AAF-B3FD-C9BF23381E63}.AppStore|iPhone.ActiveCfg = Release|Any CPU
		{496F9A6C-62F6-4AAF-B3FD-C9BF23381E63}.AppStore|iPhone.Build.0 = Release|Any CPU
		{496F9A6C-62F6-4AAF-B3FD-C9BF23381E63}.AppStore|iPhone.Deploy.0 = Release|Any CPU
		{496F9A6C-62F6-4AAF-B3FD-C9BF23381E63}.AppStore|iPhoneSimulator.ActiveCfg = Release|Any CPU
		{496F9A6C-62F6-4AAF-B3FD-C9BF23381E63}.AppStore|iPhoneSimulator.Build.0 = Release|Any CPU
		{496F9A6C-62F6-4AAF-B3FD-C9BF23381E63}.AppStore|iPhoneSimulator.Deploy.0 = Release|Any CPU
		{496F9A6C-62F6-4AAF-B3FD-C9BF23381E63}.Debug|Any CPU.ActiveCfg = Debug|Any CPU
		{496F9A6C-62F6-4AAF-B3FD-C9BF23381E63}.Debug|Any CPU.Build.0 = Debug|Any CPU
		{496F9A6C-62F6-4AAF-B3FD-C9BF23381E63}.Debug|Any CPU.Deploy.0 = Debug|Any CPU
		{496F9A6C-62F6-4AAF-B3FD-C9BF23381E63}.Debug|iPhone.ActiveCfg = Debug|Any CPU
		{496F9A6C-62F6-4AAF-B3FD-C9BF23381E63}.Debug|iPhone.Build.0 = Debug|Any CPU
		{496F9A6C-62F6-4AAF-B3FD-C9BF23381E63}.Debug|iPhone.Deploy.0 = Debug|Any CPU
		{496F9A6C-62F6-4AAF-B3FD-C9BF23381E63}.Debug|iPhoneSimulator.ActiveCfg = Debug|Any CPU
		{496F9A6C-62F6-4AAF-B3FD-C9BF23381E63}.Debug|iPhoneSimulator.Build.0 = Debug|Any CPU
		{496F9A6C-62F6-4AAF-B3FD-C9BF23381E63}.Debug|iPhoneSimulator.Deploy.0 = Debug|Any CPU
		{496F9A6C-62F6-4AAF-B3FD-C9BF23381E63}.Release|Any CPU.ActiveCfg = Release|Any CPU
		{496F9A6C-62F6-4AAF-B3FD-C9BF23381E63}.Release|Any CPU.Build.0 = Release|Any CPU
		{496F9A6C-62F6-4AAF-B3FD-C9BF23381E63}.Release|Any CPU.Deploy.0 = Release|Any CPU
		{496F9A6C-62F6-4AAF-B3FD-C9BF23381E63}.Release|iPhone.ActiveCfg = Release|Any CPU
		{496F9A6C-62F6-4AAF-B3FD-C9BF23381E63}.Release|iPhone.Build.0 = Release|Any CPU
		{496F9A6C-62F6-4AAF-B3FD-C9BF23381E63}.Release|iPhone.Deploy.0 = Release|Any CPU
		{496F9A6C-62F6-4AAF-B3FD-C9BF23381E63}.Release|iPhoneSimulator.ActiveCfg = Release|Any CPU
		{496F9A6C-62F6-4AAF-B3FD-C9BF23381E63}.Release|iPhoneSimulator.Build.0 = Release|Any CPU
		{496F9A6C-62F6-4AAF-B3FD-C9BF23381E63}.Release|iPhoneSimulator.Deploy.0 = Release|Any CPU
		{0BA0795B-9D99-49D5-A8C3-822457EB541C}.Ad-Hoc|Any CPU.ActiveCfg = Ad-Hoc|iPhone
		{0BA0795B-9D99-49D5-A8C3-822457EB541C}.Ad-Hoc|iPhone.ActiveCfg = Ad-Hoc|iPhone
		{0BA0795B-9D99-49D5-A8C3-822457EB541C}.Ad-Hoc|iPhone.Build.0 = Ad-Hoc|iPhone
		{0BA0795B-9D99-49D5-A8C3-822457EB541C}.Ad-Hoc|iPhoneSimulator.ActiveCfg = Ad-Hoc|iPhoneSimulator
		{0BA0795B-9D99-49D5-A8C3-822457EB541C}.Ad-Hoc|iPhoneSimulator.Build.0 = Ad-Hoc|iPhoneSimulator
		{0BA0795B-9D99-49D5-A8C3-822457EB541C}.AppStore|Any CPU.ActiveCfg = AppStore|iPhone
		{0BA0795B-9D99-49D5-A8C3-822457EB541C}.AppStore|iPhone.ActiveCfg = AppStore|iPhone
		{0BA0795B-9D99-49D5-A8C3-822457EB541C}.AppStore|iPhone.Build.0 = AppStore|iPhone
		{0BA0795B-9D99-49D5-A8C3-822457EB541C}.AppStore|iPhoneSimulator.ActiveCfg = AppStore|iPhoneSimulator
		{0BA0795B-9D99-49D5-A8C3-822457EB541C}.AppStore|iPhoneSimulator.Build.0 = AppStore|iPhoneSimulator
		{0BA0795B-9D99-49D5-A8C3-822457EB541C}.Debug|Any CPU.ActiveCfg = Debug|iPhone
		{0BA0795B-9D99-49D5-A8C3-822457EB541C}.Debug|iPhone.ActiveCfg = Debug|iPhone
		{0BA0795B-9D99-49D5-A8C3-822457EB541C}.Debug|iPhone.Build.0 = Debug|iPhone
		{0BA0795B-9D99-49D5-A8C3-822457EB541C}.Debug|iPhoneSimulator.ActiveCfg = Debug|iPhoneSimulator
		{0BA0795B-9D99-49D5-A8C3-822457EB541C}.Debug|iPhoneSimulator.Build.0 = Debug|iPhoneSimulator
		{0BA0795B-9D99-49D5-A8C3-822457EB541C}.Release|Any CPU.ActiveCfg = Release|iPhone
		{0BA0795B-9D99-49D5-A8C3-822457EB541C}.Release|iPhone.ActiveCfg = Release|iPhone
		{0BA0795B-9D99-49D5-A8C3-822457EB541C}.Release|iPhone.Build.0 = Release|iPhone
		{0BA0795B-9D99-49D5-A8C3-822457EB541C}.Release|iPhoneSimulator.ActiveCfg = Release|iPhoneSimulator
		{0BA0795B-9D99-49D5-A8C3-822457EB541C}.Release|iPhoneSimulator.Build.0 = Release|iPhoneSimulator
	EndGlobalSection
	GlobalSection(SolutionProperties) = preSolution
		HideSolutionNode = FALSE
	EndGlobalSection
	GlobalSection(ExtensibilityGlobals) = postSolution
		SolutionGuid = {B93F532E-4973-452C-A6B8-D177847F0960}
	EndGlobalSection
EndGlobal
